// !$*UTF8*$!
{
	archiveVersion = 1;
	classes = {
	};
	objectVersion = 50;
	objects = {

/* Begin PBXBuildFile section */
		096FA73822B2B86B006575BC /* CouponTableViewCell.swift in Sources */ = {isa = PBXBuildFile; fileRef = 096FA73722B2B86B006575BC /* CouponTableViewCell.swift */; };
		09C5E48122B162F700D8BB87 /* AppDelegate.swift in Sources */ = {isa = PBXBuildFile; fileRef = 09C5E48022B162F700D8BB87 /* AppDelegate.swift */; };
		09C5E48622B162F700D8BB87 /* Main.storyboard in Resources */ = {isa = PBXBuildFile; fileRef = 09C5E48422B162F700D8BB87 /* Main.storyboard */; };
		09C5E48822B162F800D8BB87 /* Assets.xcassets in Resources */ = {isa = PBXBuildFile; fileRef = 09C5E48722B162F800D8BB87 /* Assets.xcassets */; };
		09C5E48B22B162F800D8BB87 /* LaunchScreen.storyboard in Resources */ = {isa = PBXBuildFile; fileRef = 09C5E48922B162F800D8BB87 /* LaunchScreen.storyboard */; };
		09C5E49322B166CA00D8BB87 /* Coupon.storyboard in Resources */ = {isa = PBXBuildFile; fileRef = 09C5E49222B166CA00D8BB87 /* Coupon.storyboard */; };
		09C5E49522B1673C00D8BB87 /* MemberCard.storyboard in Resources */ = {isa = PBXBuildFile; fileRef = 09C5E49422B1673C00D8BB87 /* MemberCard.storyboard */; };
		09C5E49722B1678500D8BB87 /* Info.storyboard in Resources */ = {isa = PBXBuildFile; fileRef = 09C5E49622B1678500D8BB87 /* Info.storyboard */; };
		09C5E49922B16AE000D8BB87 /* BaseViewController.swift in Sources */ = {isa = PBXBuildFile; fileRef = 09C5E49822B16AE000D8BB87 /* BaseViewController.swift */; };
		09C5E49B22B16C4100D8BB87 /* CouponViewController.swift in Sources */ = {isa = PBXBuildFile; fileRef = 09C5E49A22B16C4100D8BB87 /* CouponViewController.swift */; };
		09C5E49D22B16C6700D8BB87 /* MemberCardViewController.swift in Sources */ = {isa = PBXBuildFile; fileRef = 09C5E49C22B16C6700D8BB87 /* MemberCardViewController.swift */; };
		09C5E49F22B16C9100D8BB87 /* InfoViewController.swift in Sources */ = {isa = PBXBuildFile; fileRef = 09C5E49E22B16C9100D8BB87 /* InfoViewController.swift */; };
		09C5E4A122B1723E00D8BB87 /* MainTabBarController.swift in Sources */ = {isa = PBXBuildFile; fileRef = 09C5E4A022B1723E00D8BB87 /* MainTabBarController.swift */; };
		09C5E4A522B17D1A00D8BB87 /* UIColorExtension.swift in Sources */ = {isa = PBXBuildFile; fileRef = 09C5E4A422B17D1A00D8BB87 /* UIColorExtension.swift */; };
		09ED272E22B42B2C00AEA60F /* CustomView.swift in Sources */ = {isa = PBXBuildFile; fileRef = 09ED272D22B42B2C00AEA60F /* CustomView.swift */; };
		09ED273322B5636200AEA60F /* SelectionListViewController.swift in Sources */ = {isa = PBXBuildFile; fileRef = 09ED272F22B5636100AEA60F /* SelectionListViewController.swift */; };
		09ED273422B5636200AEA60F /* PickerButtonView.swift in Sources */ = {isa = PBXBuildFile; fileRef = 09ED273022B5636200AEA60F /* PickerButtonView.swift */; };
		09ED273522B5636200AEA60F /* SelectionListViewController.xib in Resources */ = {isa = PBXBuildFile; fileRef = 09ED273122B5636200AEA60F /* SelectionListViewController.xib */; };
		09ED273622B5636200AEA60F /* PickerButtonView.xib in Resources */ = {isa = PBXBuildFile; fileRef = 09ED273222B5636200AEA60F /* PickerButtonView.xib */; };
		09ED273A22B563D800AEA60F /* SelectionTableViewCell.swift in Sources */ = {isa = PBXBuildFile; fileRef = 09ED273822B563D800AEA60F /* SelectionTableViewCell.swift */; };
		09ED273B22B563D800AEA60F /* SelectionTableViewCell.xib in Resources */ = {isa = PBXBuildFile; fileRef = 09ED273922B563D800AEA60F /* SelectionTableViewCell.xib */; };
		09ED2E4222B5657400AEA60F /* CustomPresentationController.swift in Sources */ = {isa = PBXBuildFile; fileRef = 09ED2E3D22B5657400AEA60F /* CustomPresentationController.swift */; };
		09ED2E4322B5657400AEA60F /* SingleButtonAlertViewController.xib in Resources */ = {isa = PBXBuildFile; fileRef = 09ED2E3E22B5657400AEA60F /* SingleButtonAlertViewController.xib */; };
		09ED2E4422B5657400AEA60F /* SelectableAlertViewController.xib in Resources */ = {isa = PBXBuildFile; fileRef = 09ED2E3F22B5657400AEA60F /* SelectableAlertViewController.xib */; };
		09ED2E4522B5657400AEA60F /* SingleButtonAlertViewController.swift in Sources */ = {isa = PBXBuildFile; fileRef = 09ED2E4022B5657400AEA60F /* SingleButtonAlertViewController.swift */; };
		09ED2E4622B5657400AEA60F /* SelectableAlertViewController.swift in Sources */ = {isa = PBXBuildFile; fileRef = 09ED2E4122B5657400AEA60F /* SelectableAlertViewController.swift */; };
		09ED2E4822B5663F00AEA60F /* ColorButton.swift in Sources */ = {isa = PBXBuildFile; fileRef = 09ED2E4722B5663F00AEA60F /* ColorButton.swift */; };
/* End PBXBuildFile section */

/* Begin PBXFileReference section */
		096FA73722B2B86B006575BC /* CouponTableViewCell.swift */ = {isa = PBXFileReference; lastKnownFileType = sourcecode.swift; path = CouponTableViewCell.swift; sourceTree = "<group>"; };
		09C5E47D22B162F700D8BB87 /* neopa-shop.app */ = {isa = PBXFileReference; explicitFileType = wrapper.application; includeInIndex = 0; path = "neopa-shop.app"; sourceTree = BUILT_PRODUCTS_DIR; };
		09C5E48022B162F700D8BB87 /* AppDelegate.swift */ = {isa = PBXFileReference; lastKnownFileType = sourcecode.swift; path = AppDelegate.swift; sourceTree = "<group>"; };
		09C5E48522B162F700D8BB87 /* Base */ = {isa = PBXFileReference; lastKnownFileType = file.storyboard; name = Base; path = Base.lproj/Main.storyboard; sourceTree = "<group>"; };
		09C5E48722B162F800D8BB87 /* Assets.xcassets */ = {isa = PBXFileReference; lastKnownFileType = folder.assetcatalog; path = Assets.xcassets; sourceTree = "<group>"; };
		09C5E48A22B162F800D8BB87 /* Base */ = {isa = PBXFileReference; lastKnownFileType = file.storyboard; name = Base; path = Base.lproj/LaunchScreen.storyboard; sourceTree = "<group>"; };
		09C5E48C22B162F800D8BB87 /* Info.plist */ = {isa = PBXFileReference; lastKnownFileType = text.plist.xml; path = Info.plist; sourceTree = "<group>"; };
		09C5E49222B166CA00D8BB87 /* Coupon.storyboard */ = {isa = PBXFileReference; lastKnownFileType = file.storyboard; path = Coupon.storyboard; sourceTree = "<group>"; };
		09C5E49422B1673C00D8BB87 /* MemberCard.storyboard */ = {isa = PBXFileReference; lastKnownFileType = file.storyboard; path = MemberCard.storyboard; sourceTree = "<group>"; };
		09C5E49622B1678500D8BB87 /* Info.storyboard */ = {isa = PBXFileReference; lastKnownFileType = file.storyboard; path = Info.storyboard; sourceTree = "<group>"; };
		09C5E49822B16AE000D8BB87 /* BaseViewController.swift */ = {isa = PBXFileReference; lastKnownFileType = sourcecode.swift; path = BaseViewController.swift; sourceTree = "<group>"; };
		09C5E49A22B16C4100D8BB87 /* CouponViewController.swift */ = {isa = PBXFileReference; lastKnownFileType = sourcecode.swift; path = CouponViewController.swift; sourceTree = "<group>"; };
		09C5E49C22B16C6700D8BB87 /* MemberCardViewController.swift */ = {isa = PBXFileReference; lastKnownFileType = sourcecode.swift; path = MemberCardViewController.swift; sourceTree = "<group>"; };
		09C5E49E22B16C9100D8BB87 /* InfoViewController.swift */ = {isa = PBXFileReference; lastKnownFileType = sourcecode.swift; path = InfoViewController.swift; sourceTree = "<group>"; };
		09C5E4A022B1723E00D8BB87 /* MainTabBarController.swift */ = {isa = PBXFileReference; lastKnownFileType = sourcecode.swift; path = MainTabBarController.swift; sourceTree = "<group>"; };
		09C5E4A422B17D1A00D8BB87 /* UIColorExtension.swift */ = {isa = PBXFileReference; lastKnownFileType = sourcecode.swift; path = UIColorExtension.swift; sourceTree = "<group>"; };
		09ED272D22B42B2C00AEA60F /* CustomView.swift */ = {isa = PBXFileReference; lastKnownFileType = sourcecode.swift; path = CustomView.swift; sourceTree = "<group>"; };
		09ED272F22B5636100AEA60F /* SelectionListViewController.swift */ = {isa = PBXFileReference; fileEncoding = 4; lastKnownFileType = sourcecode.swift; path = SelectionListViewController.swift; sourceTree = "<group>"; };
		09ED273022B5636200AEA60F /* PickerButtonView.swift */ = {isa = PBXFileReference; fileEncoding = 4; lastKnownFileType = sourcecode.swift; path = PickerButtonView.swift; sourceTree = "<group>"; };
		09ED273122B5636200AEA60F /* SelectionListViewController.xib */ = {isa = PBXFileReference; fileEncoding = 4; lastKnownFileType = file.xib; path = SelectionListViewController.xib; sourceTree = "<group>"; };
		09ED273222B5636200AEA60F /* PickerButtonView.xib */ = {isa = PBXFileReference; fileEncoding = 4; lastKnownFileType = file.xib; path = PickerButtonView.xib; sourceTree = "<group>"; };
		09ED273822B563D800AEA60F /* SelectionTableViewCell.swift */ = {isa = PBXFileReference; fileEncoding = 4; lastKnownFileType = sourcecode.swift; path = SelectionTableViewCell.swift; sourceTree = "<group>"; };
		09ED273922B563D800AEA60F /* SelectionTableViewCell.xib */ = {isa = PBXFileReference; fileEncoding = 4; lastKnownFileType = file.xib; path = SelectionTableViewCell.xib; sourceTree = "<group>"; };
		09ED2E3D22B5657400AEA60F /* CustomPresentationController.swift */ = {isa = PBXFileReference; fileEncoding = 4; lastKnownFileType = sourcecode.swift; path = CustomPresentationController.swift; sourceTree = "<group>"; };
		09ED2E3E22B5657400AEA60F /* SingleButtonAlertViewController.xib */ = {isa = PBXFileReference; fileEncoding = 4; lastKnownFileType = file.xib; path = SingleButtonAlertViewController.xib; sourceTree = "<group>"; };
		09ED2E3F22B5657400AEA60F /* SelectableAlertViewController.xib */ = {isa = PBXFileReference; fileEncoding = 4; lastKnownFileType = file.xib; path = SelectableAlertViewController.xib; sourceTree = "<group>"; };
		09ED2E4022B5657400AEA60F /* SingleButtonAlertViewController.swift */ = {isa = PBXFileReference; fileEncoding = 4; lastKnownFileType = sourcecode.swift; path = SingleButtonAlertViewController.swift; sourceTree = "<group>"; };
		09ED2E4122B5657400AEA60F /* SelectableAlertViewController.swift */ = {isa = PBXFileReference; fileEncoding = 4; lastKnownFileType = sourcecode.swift; path = SelectableAlertViewController.swift; sourceTree = "<group>"; };
		09ED2E4722B5663F00AEA60F /* ColorButton.swift */ = {isa = PBXFileReference; fileEncoding = 4; lastKnownFileType = sourcecode.swift; path = ColorButton.swift; sourceTree = "<group>"; };
/* End PBXFileReference section */

/* Begin PBXFrameworksBuildPhase section */
		09C5E47A22B162F700D8BB87 /* Frameworks */ = {
			isa = PBXFrameworksBuildPhase;
			buildActionMask = 2147483647;
			files = (
			);
			runOnlyForDeploymentPostprocessing = 0;
		};
/* End PBXFrameworksBuildPhase section */

/* Begin PBXGroup section */
		09C5E47422B162F700D8BB87 = {
			isa = PBXGroup;
			children = (
				09C5E47F22B162F700D8BB87 /* neopa-shop */,
				09C5E47E22B162F700D8BB87 /* Products */,
			);
			sourceTree = "<group>";
		};
		09C5E47E22B162F700D8BB87 /* Products */ = {
			isa = PBXGroup;
			children = (
				09C5E47D22B162F700D8BB87 /* neopa-shop.app */,
			);
			name = Products;
			sourceTree = "<group>";
		};
		09C5E47F22B162F700D8BB87 /* neopa-shop */ = {
			isa = PBXGroup;
			children = (
				09C5E48022B162F700D8BB87 /* AppDelegate.swift */,
				09C5E49822B16AE000D8BB87 /* BaseViewController.swift */,
				09C5E4A622B17FBE00D8BB87 /* MainTab */,
				09ED273722B5638800AEA60F /* UI */,
				09C5E4A922B1801900D8BB87 /* MemberCard */,
				09C5E4A822B17FFB00D8BB87 /* Coupon */,
				09C5E4A722B17FE100D8BB87 /* Info */,
				09C5E48722B162F800D8BB87 /* Assets.xcassets */,
				09C5E48922B162F800D8BB87 /* LaunchScreen.storyboard */,
				09C5E48C22B162F800D8BB87 /* Info.plist */,
			);
			path = "neopa-shop";
			sourceTree = "<group>";
		};
		09C5E4A622B17FBE00D8BB87 /* MainTab */ = {
			isa = PBXGroup;
			children = (
				09C5E4A022B1723E00D8BB87 /* MainTabBarController.swift */,
				09C5E48422B162F700D8BB87 /* Main.storyboard */,
			);
			path = MainTab;
			sourceTree = "<group>";
		};
		09C5E4A722B17FE100D8BB87 /* Info */ = {
			isa = PBXGroup;
			children = (
				09C5E49E22B16C9100D8BB87 /* InfoViewController.swift */,
				09C5E49622B1678500D8BB87 /* Info.storyboard */,
			);
			path = Info;
			sourceTree = "<group>";
		};
		09C5E4A822B17FFB00D8BB87 /* Coupon */ = {
			isa = PBXGroup;
			children = (
				09C5E49A22B16C4100D8BB87 /* CouponViewController.swift */,
				09C5E49222B166CA00D8BB87 /* Coupon.storyboard */,
				096FA73722B2B86B006575BC /* CouponTableViewCell.swift */,
			);
			path = Coupon;
			sourceTree = "<group>";
		};
		09C5E4A922B1801900D8BB87 /* MemberCard */ = {
			isa = PBXGroup;
			children = (
				09C5E49C22B16C6700D8BB87 /* MemberCardViewController.swift */,
				09C5E49422B1673C00D8BB87 /* MemberCard.storyboard */,
			);
			path = MemberCard;
			sourceTree = "<group>";
		};
		09ED273722B5638800AEA60F /* UI */ = {
			isa = PBXGroup;
			children = (
				09ED273C22B5650000AEA60F /* Alert */,
				09C5E4A422B17D1A00D8BB87 /* UIColorExtension.swift */,
				09ED272D22B42B2C00AEA60F /* CustomView.swift */,
				09ED273022B5636200AEA60F /* PickerButtonView.swift */,
				09ED273222B5636200AEA60F /* PickerButtonView.xib */,
			);
			path = UI;
			sourceTree = "<group>";
		};
		09ED273C22B5650000AEA60F /* Alert */ = {
			isa = PBXGroup;
			children = (
				09ED2E3D22B5657400AEA60F /* CustomPresentationController.swift */,
				09ED2E4122B5657400AEA60F /* SelectableAlertViewController.swift */,
				09ED2E3F22B5657400AEA60F /* SelectableAlertViewController.xib */,
				09ED2E4022B5657400AEA60F /* SingleButtonAlertViewController.swift */,
				09ED2E3E22B5657400AEA60F /* SingleButtonAlertViewController.xib */,
				09ED272F22B5636100AEA60F /* SelectionListViewController.swift */,
				09ED2E4722B5663F00AEA60F /* ColorButton.swift */,
				09ED273822B563D800AEA60F /* SelectionTableViewCell.swift */,
				09ED273922B563D800AEA60F /* SelectionTableViewCell.xib */,
				09ED273122B5636200AEA60F /* SelectionListViewController.xib */,
			);
			path = Alert;
			sourceTree = "<group>";
		};
/* End PBXGroup section */

/* Begin PBXNativeTarget section */
		09C5E47C22B162F700D8BB87 /* neopa-shop */ = {
			isa = PBXNativeTarget;
			buildConfigurationList = 09C5E48F22B162F800D8BB87 /* Build configuration list for PBXNativeTarget "neopa-shop" */;
			buildPhases = (
				09C5E47922B162F700D8BB87 /* Sources */,
				09C5E47A22B162F700D8BB87 /* Frameworks */,
				09C5E47B22B162F700D8BB87 /* Resources */,
			);
			buildRules = (
			);
			dependencies = (
			);
			name = "neopa-shop";
			productName = "neopa-shop";
			productReference = 09C5E47D22B162F700D8BB87 /* neopa-shop.app */;
			productType = "com.apple.product-type.application";
		};
/* End PBXNativeTarget section */

/* Begin PBXProject section */
		09C5E47522B162F700D8BB87 /* Project object */ = {
			isa = PBXProject;
			attributes = {
				LastSwiftUpdateCheck = 1020;
				LastUpgradeCheck = 1020;
				TargetAttributes = {
					09C5E47C22B162F700D8BB87 = {
						CreatedOnToolsVersion = 10.2.1;
					};
				};
			};
			buildConfigurationList = 09C5E47822B162F700D8BB87 /* Build configuration list for PBXProject "neopa-shop" */;
			compatibilityVersion = "Xcode 9.3";
			developmentRegion = en;
			hasScannedForEncodings = 0;
			knownRegions = (
				en,
				Base,
			);
			mainGroup = 09C5E47422B162F700D8BB87;
			productRefGroup = 09C5E47E22B162F700D8BB87 /* Products */;
			projectDirPath = "";
			projectRoot = "";
			targets = (
				09C5E47C22B162F700D8BB87 /* neopa-shop */,
			);
		};
/* End PBXProject section */

/* Begin PBXResourcesBuildPhase section */
		09C5E47B22B162F700D8BB87 /* Resources */ = {
			isa = PBXResourcesBuildPhase;
			buildActionMask = 2147483647;
			files = (
				09C5E49722B1678500D8BB87 /* Info.storyboard in Resources */,
				09ED2E4422B5657400AEA60F /* SelectableAlertViewController.xib in Resources */,
				09ED273522B5636200AEA60F /* SelectionListViewController.xib in Resources */,
				09ED273622B5636200AEA60F /* PickerButtonView.xib in Resources */,
				09C5E49522B1673C00D8BB87 /* MemberCard.storyboard in Resources */,
				09C5E49322B166CA00D8BB87 /* Coupon.storyboard in Resources */,
				09C5E48B22B162F800D8BB87 /* LaunchScreen.storyboard in Resources */,
				09C5E48822B162F800D8BB87 /* Assets.xcassets in Resources */,
				09ED273B22B563D800AEA60F /* SelectionTableViewCell.xib in Resources */,
				09C5E48622B162F700D8BB87 /* Main.storyboard in Resources */,
				09ED2E4322B5657400AEA60F /* SingleButtonAlertViewController.xib in Resources */,
			);
			runOnlyForDeploymentPostprocessing = 0;
		};
/* End PBXResourcesBuildPhase section */

/* Begin PBXSourcesBuildPhase section */
		09C5E47922B162F700D8BB87 /* Sources */ = {
			isa = PBXSourcesBuildPhase;
			buildActionMask = 2147483647;
			files = (
				09ED273A22B563D800AEA60F /* SelectionTableViewCell.swift in Sources */,
				09ED273422B5636200AEA60F /* PickerButtonView.swift in Sources */,
				09C5E49B22B16C4100D8BB87 /* CouponViewController.swift in Sources */,
				09ED2E4222B5657400AEA60F /* CustomPresentationController.swift in Sources */,
				09ED272E22B42B2C00AEA60F /* CustomView.swift in Sources */,
				09C5E48122B162F700D8BB87 /* AppDelegate.swift in Sources */,
				09C5E4A522B17D1A00D8BB87 /* UIColorExtension.swift in Sources */,
				09ED2E4822B5663F00AEA60F /* ColorButton.swift in Sources */,
				096FA73822B2B86B006575BC /* CouponTableViewCell.swift in Sources */,
				09ED273322B5636200AEA60F /* SelectionListViewController.swift in Sources */,
				09ED2E4522B5657400AEA60F /* SingleButtonAlertViewController.swift in Sources */,
				09C5E4A122B1723E00D8BB87 /* MainTabBarController.swift in Sources */,
				09C5E49922B16AE000D8BB87 /* BaseViewController.swift in Sources */,
				09C5E49F22B16C9100D8BB87 /* InfoViewController.swift in Sources */,
				09ED2E4622B5657400AEA60F /* SelectableAlertViewController.swift in Sources */,
				09C5E49D22B16C6700D8BB87 /* MemberCardViewController.swift in Sources */,
			);
			runOnlyForDeploymentPostprocessing = 0;
		};
/* End PBXSourcesBuildPhase section */

/* Begin PBXVariantGroup section */
		09C5E48422B162F700D8BB87 /* Main.storyboard */ = {
			isa = PBXVariantGroup;
			children = (
				09C5E48522B162F700D8BB87 /* Base */,
			);
			name = Main.storyboard;
			sourceTree = "<group>";
		};
		09C5E48922B162F800D8BB87 /* LaunchScreen.storyboard */ = {
			isa = PBXVariantGroup;
			children = (
				09C5E48A22B162F800D8BB87 /* Base */,
			);
			name = LaunchScreen.storyboard;
			sourceTree = "<group>";
		};
/* End PBXVariantGroup section */

/* Begin XCBuildConfiguration section */
		09C5E48D22B162F800D8BB87 /* Debug */ = {
			isa = XCBuildConfiguration;
			buildSettings = {
				ALWAYS_SEARCH_USER_PATHS = NO;
				CLANG_ANALYZER_NONNULL = YES;
				CLANG_ANALYZER_NUMBER_OBJECT_CONVERSION = YES_AGGRESSIVE;
				CLANG_CXX_LANGUAGE_STANDARD = "gnu++14";
				CLANG_CXX_LIBRARY = "libc++";
				CLANG_ENABLE_MODULES = YES;
				CLANG_ENABLE_OBJC_ARC = YES;
				CLANG_ENABLE_OBJC_WEAK = YES;
				CLANG_WARN_BLOCK_CAPTURE_AUTORELEASING = YES;
				CLANG_WARN_BOOL_CONVERSION = YES;
				CLANG_WARN_COMMA = YES;
				CLANG_WARN_CONSTANT_CONVERSION = YES;
				CLANG_WARN_DEPRECATED_OBJC_IMPLEMENTATIONS = YES;
				CLANG_WARN_DIRECT_OBJC_ISA_USAGE = YES_ERROR;
				CLANG_WARN_DOCUMENTATION_COMMENTS = YES;
				CLANG_WARN_EMPTY_BODY = YES;
				CLANG_WARN_ENUM_CONVERSION = YES;
				CLANG_WARN_INFINITE_RECURSION = YES;
				CLANG_WARN_INT_CONVERSION = YES;
				CLANG_WARN_NON_LITERAL_NULL_CONVERSION = YES;
				CLANG_WARN_OBJC_IMPLICIT_RETAIN_SELF = YES;
				CLANG_WARN_OBJC_LITERAL_CONVERSION = YES;
				CLANG_WARN_OBJC_ROOT_CLASS = YES_ERROR;
				CLANG_WARN_RANGE_LOOP_ANALYSIS = YES;
				CLANG_WARN_STRICT_PROTOTYPES = YES;
				CLANG_WARN_SUSPICIOUS_MOVE = YES;
				CLANG_WARN_UNGUARDED_AVAILABILITY = YES_AGGRESSIVE;
				CLANG_WARN_UNREACHABLE_CODE = YES;
				CLANG_WARN__DUPLICATE_METHOD_MATCH = YES;
				CODE_SIGN_IDENTITY = "iPhone Developer";
				COPY_PHASE_STRIP = NO;
				DEBUG_INFORMATION_FORMAT = dwarf;
				ENABLE_STRICT_OBJC_MSGSEND = YES;
				ENABLE_TESTABILITY = YES;
				GCC_C_LANGUAGE_STANDARD = gnu11;
				GCC_DYNAMIC_NO_PIC = NO;
				GCC_NO_COMMON_BLOCKS = YES;
				GCC_OPTIMIZATION_LEVEL = 0;
				GCC_PREPROCESSOR_DEFINITIONS = (
					"DEBUG=1",
					"$(inherited)",
				);
				GCC_WARN_64_TO_32_BIT_CONVERSION = YES;
				GCC_WARN_ABOUT_RETURN_TYPE = YES_ERROR;
				GCC_WARN_UNDECLARED_SELECTOR = YES;
				GCC_WARN_UNINITIALIZED_AUTOS = YES_AGGRESSIVE;
				GCC_WARN_UNUSED_FUNCTION = YES;
				GCC_WARN_UNUSED_VARIABLE = YES;
				IPHONEOS_DEPLOYMENT_TARGET = 12.2;
				MTL_ENABLE_DEBUG_INFO = INCLUDE_SOURCE;
				MTL_FAST_MATH = YES;
				ONLY_ACTIVE_ARCH = YES;
				SDKROOT = iphoneos;
				SWIFT_ACTIVE_COMPILATION_CONDITIONS = DEBUG;
				SWIFT_OPTIMIZATION_LEVEL = "-Onone";
			};
			name = Debug;
		};
		09C5E48E22B162F800D8BB87 /* Release */ = {
			isa = XCBuildConfiguration;
			buildSettings = {
				ALWAYS_SEARCH_USER_PATHS = NO;
				CLANG_ANALYZER_NONNULL = YES;
				CLANG_ANALYZER_NUMBER_OBJECT_CONVERSION = YES_AGGRESSIVE;
				CLANG_CXX_LANGUAGE_STANDARD = "gnu++14";
				CLANG_CXX_LIBRARY = "libc++";
				CLANG_ENABLE_MODULES = YES;
				CLANG_ENABLE_OBJC_ARC = YES;
				CLANG_ENABLE_OBJC_WEAK = YES;
				CLANG_WARN_BLOCK_CAPTURE_AUTORELEASING = YES;
				CLANG_WARN_BOOL_CONVERSION = YES;
				CLANG_WARN_COMMA = YES;
				CLANG_WARN_CONSTANT_CONVERSION = YES;
				CLANG_WARN_DEPRECATED_OBJC_IMPLEMENTATIONS = YES;
				CLANG_WARN_DIRECT_OBJC_ISA_USAGE = YES_ERROR;
				CLANG_WARN_DOCUMENTATION_COMMENTS = YES;
				CLANG_WARN_EMPTY_BODY = YES;
				CLANG_WARN_ENUM_CONVERSION = YES;
				CLANG_WARN_INFINITE_RECURSION = YES;
				CLANG_WARN_INT_CONVERSION = YES;
				CLANG_WARN_NON_LITERAL_NULL_CONVERSION = YES;
				CLANG_WARN_OBJC_IMPLICIT_RETAIN_SELF = YES;
				CLANG_WARN_OBJC_LITERAL_CONVERSION = YES;
				CLANG_WARN_OBJC_ROOT_CLASS = YES_ERROR;
				CLANG_WARN_RANGE_LOOP_ANALYSIS = YES;
				CLANG_WARN_STRICT_PROTOTYPES = YES;
				CLANG_WARN_SUSPICIOUS_MOVE = YES;
				CLANG_WARN_UNGUARDED_AVAILABILITY = YES_AGGRESSIVE;
				CLANG_WARN_UNREACHABLE_CODE = YES;
				CLANG_WARN__DUPLICATE_METHOD_MATCH = YES;
				CODE_SIGN_IDENTITY = "iPhone Developer";
				COPY_PHASE_STRIP = NO;
				DEBUG_INFORMATION_FORMAT = "dwarf-with-dsym";
				ENABLE_NS_ASSERTIONS = NO;
				ENABLE_STRICT_OBJC_MSGSEND = YES;
				GCC_C_LANGUAGE_STANDARD = gnu11;
				GCC_NO_COMMON_BLOCKS = YES;
				GCC_WARN_64_TO_32_BIT_CONVERSION = YES;
				GCC_WARN_ABOUT_RETURN_TYPE = YES_ERROR;
				GCC_WARN_UNDECLARED_SELECTOR = YES;
				GCC_WARN_UNINITIALIZED_AUTOS = YES_AGGRESSIVE;
				GCC_WARN_UNUSED_FUNCTION = YES;
				GCC_WARN_UNUSED_VARIABLE = YES;
				IPHONEOS_DEPLOYMENT_TARGET = 12.2;
				MTL_ENABLE_DEBUG_INFO = NO;
				MTL_FAST_MATH = YES;
				SDKROOT = iphoneos;
				SWIFT_COMPILATION_MODE = wholemodule;
				SWIFT_OPTIMIZATION_LEVEL = "-O";
				VALIDATE_PRODUCT = YES;
			};
			name = Release;
		};
		09C5E49022B162F800D8BB87 /* Debug */ = {
			isa = XCBuildConfiguration;
			buildSettings = {
				ASSETCATALOG_COMPILER_APPICON_NAME = AppIcon;
				CODE_SIGN_STYLE = Automatic;
				DEVELOPMENT_TEAM = N8T3PN7HXY;
				INFOPLIST_FILE = "neopa-shop/Info.plist";
				LD_RUNPATH_SEARCH_PATHS = (
					"$(inherited)",
					"@executable_path/Frameworks",
				);
				LIBRARY_SEARCH_PATHS = (
					"$(inherited)",
					"$(PROJECT_DIR)/neopa-shop/UI/Alert/ios/Pods/JB4ASDK/JB4A-SDK",
					"$(PROJECT_DIR)/neopa-shop/UI/Alert/ios/Pods/Realm/core",
				);
				PRODUCT_BUNDLE_IDENTIFIER = "com.neopa.neopa-shop";
				PRODUCT_NAME = "$(TARGET_NAME)";
				SWIFT_VERSION = 5.0;
				TARGETED_DEVICE_FAMILY = "1,2";
			};
			name = Debug;
		};
		09C5E49122B162F800D8BB87 /* Release */ = {
			isa = XCBuildConfiguration;
			buildSettings = {
				ASSETCATALOG_COMPILER_APPICON_NAME = AppIcon;
				CODE_SIGN_STYLE = Automatic;
				DEVELOPMENT_TEAM = N8T3PN7HXY;
				INFOPLIST_FILE = "neopa-shop/Info.plist";
				LD_RUNPATH_SEARCH_PATHS = (
					"$(inherited)",
					"@executable_path/Frameworks",
				);
				LIBRARY_SEARCH_PATHS = (
					"$(inherited)",
					"$(PROJECT_DIR)/neopa-shop/UI/Alert/ios/Pods/JB4ASDK/JB4A-SDK",
					"$(PROJECT_DIR)/neopa-shop/UI/Alert/ios/Pods/Realm/core",
				);
				PRODUCT_BUNDLE_IDENTIFIER = "com.neopa.neopa-shop";
				PRODUCT_NAME = "$(TARGET_NAME)";
				SWIFT_VERSION = 5.0;
				TARGETED_DEVICE_FAMILY = "1,2";
			};
			name = Release;
		};
/* End XCBuildConfiguration section */

/* Begin XCConfigurationList section */
		09C5E47822B162F700D8BB87 /* Build configuration list for PBXProject "neopa-shop" */ = {
			isa = XCConfigurationList;
			buildConfigurations = (
				09C5E48D22B162F800D8BB87 /* Debug */,
				09C5E48E22B162F800D8BB87 /* Release */,
			);
			defaultConfigurationIsVisible = 0;
			defaultConfigurationName = Release;
		};
		09C5E48F22B162F800D8BB87 /* Build configuration list for PBXNativeTarget "neopa-shop" */ = {
			isa = XCConfigurationList;
			buildConfigurations = (
				09C5E49022B162F800D8BB87 /* Debug */,
				09C5E49122B162F800D8BB87 /* Release */,
			);
			defaultConfigurationIsVisible = 0;
			defaultConfigurationName = Release;
		};
/* End XCConfigurationList section */
	};
	rootObject = 09C5E47522B162F700D8BB87 /* Project object */;
}
